
Microsoft Visual Studio Solution File, Format Version 12.00
# Visual Studio Version 17
VisualStudioVersion = 17.2.32630.192
MinimumVisualStudioVersion = 10.0.40219.1
Project("{FAE04EC0-301F-11D3-BF4B-00C04F79EFBC}") = "StudentAffiairs", "StudentAffiairs.csproj", "{68CD36A8-4551-4685-8374-305C7FDAAA2B}"
EndProject
Global
	GlobalSection(SolutionConfigurationPlatforms) = preSolution
		Debug|Any CPU = Debug|Any CPU
		Release|Any CPU = Release|Any CPU
	EndGlobalSection
	GlobalSection(ProjectConfigurationPlatforms) = postSolution
		{68CD36A8-4551-4685-8374-305C7FDAAA2B}.Debug|Any CPU.ActiveCfg = Debug|Any CPU
		{68CD36A8-4551-4685-8374-305C7FDAAA2B}.Debug|Any CPU.Build.0 = Debug|Any CPU
		{68CD36A8-4551-4685-8374-305C7FDAAA2B}.Release|Any CPU.ActiveCfg = Release|Any CPU
		{68CD36A8-4551-4685-8374-305C7FDAAA2B}.Release|Any CPU.Build.0 = Release|Any CPU
	EndGlobalSection
	GlobalSection(SolutionProperties) = preSolution
		HideSolutionNode = FALSE
	EndGlobalSection
	GlobalSection(ExtensibilityGlobals) = postSolution
		SolutionGuid = {BC38401F-D41E-45A8-B584-1B948105BCEB}
	EndGlobalSection
EndGlobal
